// !$*UTF8*$!
{
	archiveVersion = 1;
	classes = {
	};
	objectVersion = 55;
	objects = {

/* Begin PBXBuildFile section */
		90B1B0196B7A090561C83CAF /* Pods_SimpleNews.framework in Frameworks */ = {isa = PBXBuildFile; fileRef = 76DFF68DF2B4410AD417E344 /* Pods_SimpleNews.framework */; };
		C521A0EB278AADBB0050BAA9 /* webViewController.swift in Sources */ = {isa = PBXBuildFile; fileRef = C521A0EA278AADBB0050BAA9 /* webViewController.swift */; };
		C5A824AB278B56E000297500 /* News.xcdatamodeld in Sources */ = {isa = PBXBuildFile; fileRef = C5A824A9278B56E000297500 /* News.xcdatamodeld */; };
		C5A824AD278B589A00297500 /* CoreDataManager.swift in Sources */ = {isa = PBXBuildFile; fileRef = C5A824AC278B589A00297500 /* CoreDataManager.swift */; };
		C5B7B2D92789833400505808 /* AppDelegate.swift in Sources */ = {isa = PBXBuildFile; fileRef = C5B7B2D82789833400505808 /* AppDelegate.swift */; };
		C5B7B2E02789833400505808 /* Main.storyboard in Resources */ = {isa = PBXBuildFile; fileRef = C5B7B2DE2789833400505808 /* Main.storyboard */; };
		C5B7B2E22789833600505808 /* Assets.xcassets in Resources */ = {isa = PBXBuildFile; fileRef = C5B7B2E12789833600505808 /* Assets.xcassets */; };
		C5B7B2E52789833600505808 /* LaunchScreen.storyboard in Resources */ = {isa = PBXBuildFile; fileRef = C5B7B2E32789833600505808 /* LaunchScreen.storyboard */; };
		C5B7B2F12789837700505808 /* APIError.swift in Sources */ = {isa = PBXBuildFile; fileRef = C5B7B2ED2789837700505808 /* APIError.swift */; };
		C5B7B2F22789837700505808 /* SimpleNews.swift in Sources */ = {isa = PBXBuildFile; fileRef = C5B7B2EE2789837700505808 /* SimpleNews.swift */; };
		C5B7B2F32789837700505808 /* APIRoute.swift in Sources */ = {isa = PBXBuildFile; fileRef = C5B7B2EF2789837700505808 /* APIRoute.swift */; };
		C5B7B2F42789837700505808 /* APIHandler.swift in Sources */ = {isa = PBXBuildFile; fileRef = C5B7B2F02789837700505808 /* APIHandler.swift */; };
		C5B7B2FB2789838400505808 /* UIViewController+Extensions.swift in Sources */ = {isa = PBXBuildFile; fileRef = C5B7B2F62789838400505808 /* UIViewController+Extensions.swift */; };
		C5B7B2FC2789838400505808 /* Encodable+Extensions.swift in Sources */ = {isa = PBXBuildFile; fileRef = C5B7B2F72789838400505808 /* Encodable+Extensions.swift */; };
		C5B7B2FD2789838400505808 /* URL + Extenstions.swift in Sources */ = {isa = PBXBuildFile; fileRef = C5B7B2F82789838400505808 /* URL + Extenstions.swift */; };
		C5B7B2FE2789838400505808 /* UIView + Extensions.swift in Sources */ = {isa = PBXBuildFile; fileRef = C5B7B2F92789838400505808 /* UIView + Extensions.swift */; };
		C5B7B2FF2789838400505808 /* UIButton + Extensions.swift in Sources */ = {isa = PBXBuildFile; fileRef = C5B7B2FA2789838400505808 /* UIButton + Extensions.swift */; };
		C5B7B307278987D000505808 /* UserManager.swift in Sources */ = {isa = PBXBuildFile; fileRef = C5B7B306278987D000505808 /* UserManager.swift */; };
		C5B7B30A27899D9600505808 /* OnboardingViewController.swift in Sources */ = {isa = PBXBuildFile; fileRef = C5B7B30927899D9600505808 /* OnboardingViewController.swift */; };
		C5B7B30E2789A33800505808 /* CountryCollectionViewCell.swift in Sources */ = {isa = PBXBuildFile; fileRef = C5B7B30C2789A33800505808 /* CountryCollectionViewCell.swift */; };
		C5B7B30F2789A33800505808 /* CountryCollectionViewCell.xib in Resources */ = {isa = PBXBuildFile; fileRef = C5B7B30D2789A33800505808 /* CountryCollectionViewCell.xib */; };
		C5B7B3122789AFD100505808 /* CollectionSetCollectionViewCell.swift in Sources */ = {isa = PBXBuildFile; fileRef = C5B7B3102789AFD100505808 /* CollectionSetCollectionViewCell.swift */; };
		C5B7B3132789AFD100505808 /* CollectionSetCollectionViewCell.xib in Resources */ = {isa = PBXBuildFile; fileRef = C5B7B3112789AFD100505808 /* CollectionSetCollectionViewCell.xib */; };
		C5B7B3162789CAB500505808 /* StartNewsCollectionViewCell.swift in Sources */ = {isa = PBXBuildFile; fileRef = C5B7B3142789CAB500505808 /* StartNewsCollectionViewCell.swift */; };
		C5B7B3172789CAB500505808 /* StartNewsCollectionViewCell.xib in Resources */ = {isa = PBXBuildFile; fileRef = C5B7B3152789CAB500505808 /* StartNewsCollectionViewCell.xib */; };
		C5B7B3192789CDA500505808 /* News.storyboard in Resources */ = {isa = PBXBuildFile; fileRef = C5B7B3182789CDA500505808 /* News.storyboard */; };
		C5B7B31C2789D81200505808 /* HeadlinesViewController.swift in Sources */ = {isa = PBXBuildFile; fileRef = C5B7B31B2789D81200505808 /* HeadlinesViewController.swift */; };
		C5B7B31F2789DA0F00505808 /* Countries.swift in Sources */ = {isa = PBXBuildFile; fileRef = C5B7B31E2789DA0F00505808 /* Countries.swift */; };
		C5B7B3212789DCE600505808 /* Article.swift in Sources */ = {isa = PBXBuildFile; fileRef = C5B7B3202789DCE600505808 /* Article.swift */; };
		C5B7B3232789DFCE00505808 /* APIResponse.swift in Sources */ = {isa = PBXBuildFile; fileRef = C5B7B3222789DFCE00505808 /* APIResponse.swift */; };
		C5B7B3272789E45600505808 /* ArticleTableViewCell.swift in Sources */ = {isa = PBXBuildFile; fileRef = C5B7B3252789E45600505808 /* ArticleTableViewCell.swift */; };
		C5B7B3282789E45600505808 /* ArticleTableViewCell.xib in Resources */ = {isa = PBXBuildFile; fileRef = C5B7B3262789E45600505808 /* ArticleTableViewCell.xib */; };
		C5F49237278B0A5900527AEF /* Categories.swift in Sources */ = {isa = PBXBuildFile; fileRef = C5F49236278B0A5900527AEF /* Categories.swift */; };
/* End PBXBuildFile section */

/* Begin PBXFileReference section */
		6CB24EF003BDC88481B3D588 /* Pods-SimpleNews.debug.xcconfig */ = {isa = PBXFileReference; includeInIndex = 1; lastKnownFileType = text.xcconfig; name = "Pods-SimpleNews.debug.xcconfig"; path = "Target Support Files/Pods-SimpleNews/Pods-SimpleNews.debug.xcconfig"; sourceTree = "<group>"; };
		76DFF68DF2B4410AD417E344 /* Pods_SimpleNews.framework */ = {isa = PBXFileReference; explicitFileType = wrapper.framework; includeInIndex = 0; path = Pods_SimpleNews.framework; sourceTree = BUILT_PRODUCTS_DIR; };
		BA8F604D66FBFD802D0BF89C /* Pods-SimpleNews.release.xcconfig */ = {isa = PBXFileReference; includeInIndex = 1; lastKnownFileType = text.xcconfig; name = "Pods-SimpleNews.release.xcconfig"; path = "Target Support Files/Pods-SimpleNews/Pods-SimpleNews.release.xcconfig"; sourceTree = "<group>"; };
		C521A0EA278AADBB0050BAA9 /* webViewController.swift */ = {isa = PBXFileReference; fileEncoding = 4; lastKnownFileType = sourcecode.swift; path = webViewController.swift; sourceTree = "<group>"; };
		C5A824AA278B56E000297500 /* News.xcdatamodel */ = {isa = PBXFileReference; lastKnownFileType = wrapper.xcdatamodel; path = News.xcdatamodel; sourceTree = "<group>"; };
		C5A824AC278B589A00297500 /* CoreDataManager.swift */ = {isa = PBXFileReference; fileEncoding = 4; lastKnownFileType = sourcecode.swift; path = CoreDataManager.swift; sourceTree = "<group>"; };
		C5B7B2D52789833400505808 /* SimpleNews.app */ = {isa = PBXFileReference; explicitFileType = wrapper.application; includeInIndex = 0; path = SimpleNews.app; sourceTree = BUILT_PRODUCTS_DIR; };
		C5B7B2D82789833400505808 /* AppDelegate.swift */ = {isa = PBXFileReference; lastKnownFileType = sourcecode.swift; path = AppDelegate.swift; sourceTree = "<group>"; };
		C5B7B2DF2789833400505808 /* Base */ = {isa = PBXFileReference; lastKnownFileType = file.storyboard; name = Base; path = Base.lproj/Main.storyboard; sourceTree = "<group>"; };
		C5B7B2E12789833600505808 /* Assets.xcassets */ = {isa = PBXFileReference; lastKnownFileType = folder.assetcatalog; path = Assets.xcassets; sourceTree = "<group>"; };
		C5B7B2E42789833600505808 /* Base */ = {isa = PBXFileReference; lastKnownFileType = file.storyboard; name = Base; path = Base.lproj/LaunchScreen.storyboard; sourceTree = "<group>"; };
		C5B7B2E62789833600505808 /* Info.plist */ = {isa = PBXFileReference; lastKnownFileType = text.plist.xml; path = Info.plist; sourceTree = "<group>"; };
		C5B7B2ED2789837700505808 /* APIError.swift */ = {isa = PBXFileReference; fileEncoding = 4; lastKnownFileType = sourcecode.swift; path = APIError.swift; sourceTree = "<group>"; };
		C5B7B2EE2789837700505808 /* SimpleNews.swift */ = {isa = PBXFileReference; fileEncoding = 4; lastKnownFileType = sourcecode.swift; path = SimpleNews.swift; sourceTree = "<group>"; };
		C5B7B2EF2789837700505808 /* APIRoute.swift */ = {isa = PBXFileReference; fileEncoding = 4; lastKnownFileType = sourcecode.swift; path = APIRoute.swift; sourceTree = "<group>"; };
		C5B7B2F02789837700505808 /* APIHandler.swift */ = {isa = PBXFileReference; fileEncoding = 4; lastKnownFileType = sourcecode.swift; path = APIHandler.swift; sourceTree = "<group>"; };
		C5B7B2F62789838400505808 /* UIViewController+Extensions.swift */ = {isa = PBXFileReference; fileEncoding = 4; lastKnownFileType = sourcecode.swift; path = "UIViewController+Extensions.swift"; sourceTree = "<group>"; };
		C5B7B2F72789838400505808 /* Encodable+Extensions.swift */ = {isa = PBXFileReference; fileEncoding = 4; lastKnownFileType = sourcecode.swift; path = "Encodable+Extensions.swift"; sourceTree = "<group>"; };
		C5B7B2F82789838400505808 /* URL + Extenstions.swift */ = {isa = PBXFileReference; fileEncoding = 4; lastKnownFileType = sourcecode.swift; path = "URL + Extenstions.swift"; sourceTree = "<group>"; };
		C5B7B2F92789838400505808 /* UIView + Extensions.swift */ = {isa = PBXFileReference; fileEncoding = 4; lastKnownFileType = sourcecode.swift; path = "UIView + Extensions.swift"; sourceTree = "<group>"; };
		C5B7B2FA2789838400505808 /* UIButton + Extensions.swift */ = {isa = PBXFileReference; fileEncoding = 4; lastKnownFileType = sourcecode.swift; path = "UIButton + Extensions.swift"; sourceTree = "<group>"; };
		C5B7B306278987D000505808 /* UserManager.swift */ = {isa = PBXFileReference; fileEncoding = 4; lastKnownFileType = sourcecode.swift; path = UserManager.swift; sourceTree = "<group>"; };
		C5B7B30927899D9600505808 /* OnboardingViewController.swift */ = {isa = PBXFileReference; lastKnownFileType = sourcecode.swift; path = OnboardingViewController.swift; sourceTree = "<group>"; };
		C5B7B30C2789A33800505808 /* CountryCollectionViewCell.swift */ = {isa = PBXFileReference; lastKnownFileType = sourcecode.swift; path = CountryCollectionViewCell.swift; sourceTree = "<group>"; };
		C5B7B30D2789A33800505808 /* CountryCollectionViewCell.xib */ = {isa = PBXFileReference; lastKnownFileType = file.xib; path = CountryCollectionViewCell.xib; sourceTree = "<group>"; };
		C5B7B3102789AFD100505808 /* CollectionSetCollectionViewCell.swift */ = {isa = PBXFileReference; lastKnownFileType = sourcecode.swift; path = CollectionSetCollectionViewCell.swift; sourceTree = "<group>"; };
		C5B7B3112789AFD100505808 /* CollectionSetCollectionViewCell.xib */ = {isa = PBXFileReference; lastKnownFileType = file.xib; path = CollectionSetCollectionViewCell.xib; sourceTree = "<group>"; };
		C5B7B3142789CAB500505808 /* StartNewsCollectionViewCell.swift */ = {isa = PBXFileReference; lastKnownFileType = sourcecode.swift; path = StartNewsCollectionViewCell.swift; sourceTree = "<group>"; };
		C5B7B3152789CAB500505808 /* StartNewsCollectionViewCell.xib */ = {isa = PBXFileReference; lastKnownFileType = file.xib; path = StartNewsCollectionViewCell.xib; sourceTree = "<group>"; };
		C5B7B3182789CDA500505808 /* News.storyboard */ = {isa = PBXFileReference; lastKnownFileType = file.storyboard; path = News.storyboard; sourceTree = "<group>"; };
		C5B7B31B2789D81200505808 /* HeadlinesViewController.swift */ = {isa = PBXFileReference; lastKnownFileType = sourcecode.swift; path = HeadlinesViewController.swift; sourceTree = "<group>"; };
		C5B7B31E2789DA0F00505808 /* Countries.swift */ = {isa = PBXFileReference; lastKnownFileType = sourcecode.swift; path = Countries.swift; sourceTree = "<group>"; };
		C5B7B3202789DCE600505808 /* Article.swift */ = {isa = PBXFileReference; lastKnownFileType = sourcecode.swift; path = Article.swift; sourceTree = "<group>"; };
		C5B7B3222789DFCE00505808 /* APIResponse.swift */ = {isa = PBXFileReference; lastKnownFileType = sourcecode.swift; path = APIResponse.swift; sourceTree = "<group>"; };
		C5B7B3252789E45600505808 /* ArticleTableViewCell.swift */ = {isa = PBXFileReference; lastKnownFileType = sourcecode.swift; path = ArticleTableViewCell.swift; sourceTree = "<group>"; };
		C5B7B3262789E45600505808 /* ArticleTableViewCell.xib */ = {isa = PBXFileReference; lastKnownFileType = file.xib; path = ArticleTableViewCell.xib; sourceTree = "<group>"; };
		C5F49236278B0A5900527AEF /* Categories.swift */ = {isa = PBXFileReference; lastKnownFileType = sourcecode.swift; path = Categories.swift; sourceTree = "<group>"; };
/* End PBXFileReference section */

/* Begin PBXFrameworksBuildPhase section */
		C5B7B2D22789833400505808 /* Frameworks */ = {
			isa = PBXFrameworksBuildPhase;
			buildActionMask = 2147483647;
			files = (
				90B1B0196B7A090561C83CAF /* Pods_SimpleNews.framework in Frameworks */,
			);
			runOnlyForDeploymentPostprocessing = 0;
		};
/* End PBXFrameworksBuildPhase section */

/* Begin PBXGroup section */
		8769929E48D2AC60CD77EC75 /* Frameworks */ = {
			isa = PBXGroup;
			children = (
				76DFF68DF2B4410AD417E344 /* Pods_SimpleNews.framework */,
			);
			name = Frameworks;
			sourceTree = "<group>";
		};
		97D742B29C00DF383C78E03D /* Pods */ = {
			isa = PBXGroup;
			children = (
				6CB24EF003BDC88481B3D588 /* Pods-SimpleNews.debug.xcconfig */,
				BA8F604D66FBFD802D0BF89C /* Pods-SimpleNews.release.xcconfig */,
			);
			path = Pods;
			sourceTree = "<group>";
		};
		C5A824A8278B56C100297500 /* CoreData */ = {
			isa = PBXGroup;
			children = (
				C5A824A9278B56E000297500 /* News.xcdatamodeld */,
				C5A824AC278B589A00297500 /* CoreDataManager.swift */,
			);
			path = CoreData;
			sourceTree = "<group>";
		};
		C5B7B2CC2789833400505808 = {
			isa = PBXGroup;
			children = (
				C5B7B2D72789833400505808 /* SimpleNews */,
				C5B7B2D62789833400505808 /* Products */,
				97D742B29C00DF383C78E03D /* Pods */,
				8769929E48D2AC60CD77EC75 /* Frameworks */,
			);
			sourceTree = "<group>";
		};
		C5B7B2D62789833400505808 /* Products */ = {
			isa = PBXGroup;
			children = (
				C5B7B2D52789833400505808 /* SimpleNews.app */,
			);
			name = Products;
			sourceTree = "<group>";
		};
		C5B7B2D72789833400505808 /* SimpleNews */ = {
			isa = PBXGroup;
			children = (
				C5A824A8278B56C100297500 /* CoreData */,
				C5B7B305278987D000505808 /* Manger */,
				C5B7B300278983A200505808 /* App Delegate */,
				C5B7B2F52789838400505808 /* Extensions */,
				C5B7B2EC2789837700505808 /* Network */,
				C5B7B301278983C900505808 /* Scenes */,
				C5B7B302278983D800505808 /* Storyboards */,
				C5B7B303278983FF00505808 /* Assests */,
				C5B7B2E62789833600505808 /* Info.plist */,
			);
			path = SimpleNews;
			sourceTree = "<group>";
		};
		C5B7B2EC2789837700505808 /* Network */ = {
			isa = PBXGroup;
			children = (
				C5B7B2ED2789837700505808 /* APIError.swift */,
				C5B7B2EE2789837700505808 /* SimpleNews.swift */,
				C5B7B2EF2789837700505808 /* APIRoute.swift */,
				C5B7B2F02789837700505808 /* APIHandler.swift */,
				C5B7B3222789DFCE00505808 /* APIResponse.swift */,
			);
			path = Network;
			sourceTree = "<group>";
		};
		C5B7B2F52789838400505808 /* Extensions */ = {
			isa = PBXGroup;
			children = (
				C5B7B2F62789838400505808 /* UIViewController+Extensions.swift */,
				C5B7B2F72789838400505808 /* Encodable+Extensions.swift */,
				C5B7B2F82789838400505808 /* URL + Extenstions.swift */,
				C5B7B2F92789838400505808 /* UIView + Extensions.swift */,
				C5B7B2FA2789838400505808 /* UIButton + Extensions.swift */,
			);
			path = Extensions;
			sourceTree = "<group>";
		};
		C5B7B300278983A200505808 /* App Delegate */ = {
			isa = PBXGroup;
			children = (
				C5B7B2D82789833400505808 /* AppDelegate.swift */,
			);
			path = "App Delegate";
			sourceTree = "<group>";
		};
		C5B7B301278983C900505808 /* Scenes */ = {
			isa = PBXGroup;
			children = (
				C5B7B31A2789D7CC00505808 /* Headlines */,
				C5B7B30827899D6F00505808 /* Onboarding */,
			);
			path = Scenes;
			sourceTree = "<group>";
		};
		C5B7B302278983D800505808 /* Storyboards */ = {
			isa = PBXGroup;
			children = (
				C5B7B2DE2789833400505808 /* Main.storyboard */,
				C5B7B2E32789833600505808 /* LaunchScreen.storyboard */,
				C5B7B3182789CDA500505808 /* News.storyboard */,
			);
			path = Storyboards;
			sourceTree = "<group>";
		};
		C5B7B303278983FF00505808 /* Assests */ = {
			isa = PBXGroup;
			children = (
				C5B7B2E12789833600505808 /* Assets.xcassets */,
			);
			path = Assests;
			sourceTree = "<group>";
		};
		C5B7B305278987D000505808 /* Manger */ = {
			isa = PBXGroup;
			children = (
				C5B7B306278987D000505808 /* UserManager.swift */,
			);
			path = Manger;
			sourceTree = "<group>";
		};
		C5B7B30827899D6F00505808 /* Onboarding */ = {
			isa = PBXGroup;
			children = (
				C5F49238278B0BAA00527AEF /* Models */,
				C5B7B30B2789A30300505808 /* Views */,
				C5B7B30927899D9600505808 /* OnboardingViewController.swift */,
			);
			path = Onboarding;
			sourceTree = "<group>";
		};
		C5B7B30B2789A30300505808 /* Views */ = {
			isa = PBXGroup;
			children = (
				C5B7B30C2789A33800505808 /* CountryCollectionViewCell.swift */,
				C5B7B30D2789A33800505808 /* CountryCollectionViewCell.xib */,
				C5B7B3102789AFD100505808 /* CollectionSetCollectionViewCell.swift */,
				C5B7B3112789AFD100505808 /* CollectionSetCollectionViewCell.xib */,
				C5B7B3142789CAB500505808 /* StartNewsCollectionViewCell.swift */,
				C5B7B3152789CAB500505808 /* StartNewsCollectionViewCell.xib */,
			);
			path = Views;
			sourceTree = "<group>";
		};
		C5B7B31A2789D7CC00505808 /* Headlines */ = {
			isa = PBXGroup;
			children = (
				C5B7B3242789E36F00505808 /* Views */,
				C5B7B31D2789D9FA00505808 /* Models */,
				C5B7B31B2789D81200505808 /* HeadlinesViewController.swift */,
				C521A0EA278AADBB0050BAA9 /* webViewController.swift */,
			);
			path = Headlines;
			sourceTree = "<group>";
		};
		C5B7B31D2789D9FA00505808 /* Models */ = {
			isa = PBXGroup;
			children = (
				C5B7B3202789DCE600505808 /* Article.swift */,
			);
			path = Models;
			sourceTree = "<group>";
		};
		C5B7B3242789E36F00505808 /* Views */ = {
			isa = PBXGroup;
			children = (
				C5B7B3252789E45600505808 /* ArticleTableViewCell.swift */,
				C5B7B3262789E45600505808 /* ArticleTableViewCell.xib */,
			);
			path = Views;
			sourceTree = "<group>";
		};
		C5F49238278B0BAA00527AEF /* Models */ = {
			isa = PBXGroup;
			children = (
				C5B7B31E2789DA0F00505808 /* Countries.swift */,
				C5F49236278B0A5900527AEF /* Categories.swift */,
			);
			path = Models;
			sourceTree = "<group>";
		};
/* End PBXGroup section */

/* Begin PBXNativeTarget section */
		C5B7B2D42789833400505808 /* SimpleNews */ = {
			isa = PBXNativeTarget;
			buildConfigurationList = C5B7B2E92789833600505808 /* Build configuration list for PBXNativeTarget "SimpleNews" */;
			buildPhases = (
				A021EBF9660E09AD38807AFB /* [CP] Check Pods Manifest.lock */,
				C5B7B2D12789833400505808 /* Sources */,
				C5B7B2D22789833400505808 /* Frameworks */,
				C5B7B2D32789833400505808 /* Resources */,
				6103FCC7D6AE62ACEA1C4F70 /* [CP] Embed Pods Frameworks */,
			);
			buildRules = (
			);
			dependencies = (
			);
			name = SimpleNews;
			productName = SimpleNews;
			productReference = C5B7B2D52789833400505808 /* SimpleNews.app */;
			productType = "com.apple.product-type.application";
		};
/* End PBXNativeTarget section */

/* Begin PBXProject section */
		C5B7B2CD2789833400505808 /* Project object */ = {
			isa = PBXProject;
			attributes = {
				BuildIndependentTargetsInParallel = 1;
				LastSwiftUpdateCheck = 1310;
				LastUpgradeCheck = 1310;
				TargetAttributes = {
					C5B7B2D42789833400505808 = {
						CreatedOnToolsVersion = 13.1;
					};
				};
			};
			buildConfigurationList = C5B7B2D02789833400505808 /* Build configuration list for PBXProject "SimpleNews" */;
			compatibilityVersion = "Xcode 13.0";
			developmentRegion = en;
			hasScannedForEncodings = 0;
			knownRegions = (
				en,
				Base,
			);
			mainGroup = C5B7B2CC2789833400505808;
			productRefGroup = C5B7B2D62789833400505808 /* Products */;
			projectDirPath = "";
			projectRoot = "";
			targets = (
				C5B7B2D42789833400505808 /* SimpleNews */,
			);
		};
/* End PBXProject section */

/* Begin PBXResourcesBuildPhase section */
		C5B7B2D32789833400505808 /* Resources */ = {
			isa = PBXResourcesBuildPhase;
			buildActionMask = 2147483647;
			files = (
				C5B7B3282789E45600505808 /* ArticleTableViewCell.xib in Resources */,
				C5B7B3132789AFD100505808 /* CollectionSetCollectionViewCell.xib in Resources */,
				C5B7B2E52789833600505808 /* LaunchScreen.storyboard in Resources */,
				C5B7B30F2789A33800505808 /* CountryCollectionViewCell.xib in Resources */,
				C5B7B2E22789833600505808 /* Assets.xcassets in Resources */,
				C5B7B3192789CDA500505808 /* News.storyboard in Resources */,
				C5B7B3172789CAB500505808 /* StartNewsCollectionViewCell.xib in Resources */,
				C5B7B2E02789833400505808 /* Main.storyboard in Resources */,
			);
			runOnlyForDeploymentPostprocessing = 0;
		};
/* End PBXResourcesBuildPhase section */

/* Begin PBXShellScriptBuildPhase section */
		6103FCC7D6AE62ACEA1C4F70 /* [CP] Embed Pods Frameworks */ = {
			isa = PBXShellScriptBuildPhase;
			buildActionMask = 2147483647;
			files = (
			);
			inputFileListPaths = (
				"${PODS_ROOT}/Target Support Files/Pods-SimpleNews/Pods-SimpleNews-frameworks-${CONFIGURATION}-input-files.xcfilelist",
			);
			name = "[CP] Embed Pods Frameworks";
			outputFileListPaths = (
				"${PODS_ROOT}/Target Support Files/Pods-SimpleNews/Pods-SimpleNews-frameworks-${CONFIGURATION}-output-files.xcfilelist",
			);
			runOnlyForDeploymentPostprocessing = 0;
			shellPath = /bin/sh;
			shellScript = "\"${PODS_ROOT}/Target Support Files/Pods-SimpleNews/Pods-SimpleNews-frameworks.sh\"\n";
			showEnvVarsInLog = 0;
		};
		A021EBF9660E09AD38807AFB /* [CP] Check Pods Manifest.lock */ = {
			isa = PBXShellScriptBuildPhase;
			buildActionMask = 2147483647;
			files = (
			);
			inputFileListPaths = (
			);
			inputPaths = (
				"${PODS_PODFILE_DIR_PATH}/Podfile.lock",
				"${PODS_ROOT}/Manifest.lock",
			);
			name = "[CP] Check Pods Manifest.lock";
			outputFileListPaths = (
			);
			outputPaths = (
				"$(DERIVED_FILE_DIR)/Pods-SimpleNews-checkManifestLockResult.txt",
			);
			runOnlyForDeploymentPostprocessing = 0;
			shellPath = /bin/sh;
			shellScript = "diff \"${PODS_PODFILE_DIR_PATH}/Podfile.lock\" \"${PODS_ROOT}/Manifest.lock\" > /dev/null\nif [ $? != 0 ] ; then\n    # print error to STDERR\n    echo \"error: The sandbox is not in sync with the Podfile.lock. Run 'pod install' or update your CocoaPods installation.\" >&2\n    exit 1\nfi\n# This output is used by Xcode 'outputs' to avoid re-running this script phase.\necho \"SUCCESS\" > \"${SCRIPT_OUTPUT_FILE_0}\"\n";
			showEnvVarsInLog = 0;
		};
/* End PBXShellScriptBuildPhase section */

/* Begin PBXSourcesBuildPhase section */
		C5B7B2D12789833400505808 /* Sources */ = {
			isa = PBXSourcesBuildPhase;
			buildActionMask = 2147483647;
			files = (
				C5A824AB278B56E000297500 /* News.xcdatamodeld in Sources */,
				C5B7B3272789E45600505808 /* ArticleTableViewCell.swift in Sources */,
				C5B7B30A27899D9600505808 /* OnboardingViewController.swift in Sources */,
				C5B7B2FD2789838400505808 /* URL + Extenstions.swift in Sources */,
				C5B7B3212789DCE600505808 /* Article.swift in Sources */,
				C5B7B2F42789837700505808 /* APIHandler.swift in Sources */,
				C5A824AD278B589A00297500 /* CoreDataManager.swift in Sources */,
				C5B7B30E2789A33800505808 /* CountryCollectionViewCell.swift in Sources */,
				C5B7B31C2789D81200505808 /* HeadlinesViewController.swift in Sources */,
				C5B7B2F22789837700505808 /* SimpleNews.swift in Sources */,
				C5B7B3162789CAB500505808 /* StartNewsCollectionViewCell.swift in Sources */,
				C5B7B3122789AFD100505808 /* CollectionSetCollectionViewCell.swift in Sources */,
				C5B7B2F12789837700505808 /* APIError.swift in Sources */,
				C5B7B2FC2789838400505808 /* Encodable+Extensions.swift in Sources */,
				C5B7B307278987D000505808 /* UserManager.swift in Sources */,
				C5B7B31F2789DA0F00505808 /* Countries.swift in Sources */,
				C521A0EB278AADBB0050BAA9 /* webViewController.swift in Sources */,
				C5B7B2FB2789838400505808 /* UIViewController+Extensions.swift in Sources */,
				C5B7B2FF2789838400505808 /* UIButton + Extensions.swift in Sources */,
				C5F49237278B0A5900527AEF /* Categories.swift in Sources */,
				C5B7B2FE2789838400505808 /* UIView + Extensions.swift in Sources */,
				C5B7B2D92789833400505808 /* AppDelegate.swift in Sources */,
				C5B7B2F32789837700505808 /* APIRoute.swift in Sources */,
				C5B7B3232789DFCE00505808 /* APIResponse.swift in Sources */,
			);
			runOnlyForDeploymentPostprocessing = 0;
		};
/* End PBXSourcesBuildPhase section */

/* Begin PBXVariantGroup section */
		C5B7B2DE2789833400505808 /* Main.storyboard */ = {
			isa = PBXVariantGroup;
			children = (
				C5B7B2DF2789833400505808 /* Base */,
			);
			name = Main.storyboard;
			sourceTree = "<group>";
		};
		C5B7B2E32789833600505808 /* LaunchScreen.storyboard */ = {
			isa = PBXVariantGroup;
			children = (
				C5B7B2E42789833600505808 /* Base */,
			);
			name = LaunchScreen.storyboard;
			sourceTree = "<group>";
		};
/* End PBXVariantGroup section */

/* Begin XCBuildConfiguration section */
		C5B7B2E72789833600505808 /* Debug */ = {
			isa = XCBuildConfiguration;
			buildSettings = {
				ALWAYS_SEARCH_USER_PATHS = NO;
				CLANG_ANALYZER_NONNULL = YES;
				CLANG_ANALYZER_NUMBER_OBJECT_CONVERSION = YES_AGGRESSIVE;
				CLANG_CXX_LANGUAGE_STANDARD = "gnu++17";
				CLANG_CXX_LIBRARY = "libc++";
				CLANG_ENABLE_MODULES = YES;
				CLANG_ENABLE_OBJC_ARC = YES;
				CLANG_ENABLE_OBJC_WEAK = YES;
				CLANG_WARN_BLOCK_CAPTURE_AUTORELEASING = YES;
				CLANG_WARN_BOOL_CONVERSION = YES;
				CLANG_WARN_COMMA = YES;
				CLANG_WARN_CONSTANT_CONVERSION = YES;
				CLANG_WARN_DEPRECATED_OBJC_IMPLEMENTATIONS = YES;
				CLANG_WARN_DIRECT_OBJC_ISA_USAGE = YES_ERROR;
				CLANG_WARN_DOCUMENTATION_COMMENTS = YES;
				CLANG_WARN_EMPTY_BODY = YES;
				CLANG_WARN_ENUM_CONVERSION = YES;
				CLANG_WARN_INFINITE_RECURSION = YES;
				CLANG_WARN_INT_CONVERSION = YES;
				CLANG_WARN_NON_LITERAL_NULL_CONVERSION = YES;
				CLANG_WARN_OBJC_IMPLICIT_RETAIN_SELF = YES;
				CLANG_WARN_OBJC_LITERAL_CONVERSION = YES;
				CLANG_WARN_OBJC_ROOT_CLASS = YES_ERROR;
				CLANG_WARN_QUOTED_INCLUDE_IN_FRAMEWORK_HEADER = YES;
				CLANG_WARN_RANGE_LOOP_ANALYSIS = YES;
				CLANG_WARN_STRICT_PROTOTYPES = YES;
				CLANG_WARN_SUSPICIOUS_MOVE = YES;
				CLANG_WARN_UNGUARDED_AVAILABILITY = YES_AGGRESSIVE;
				CLANG_WARN_UNREACHABLE_CODE = YES;
				CLANG_WARN__DUPLICATE_METHOD_MATCH = YES;
				COPY_PHASE_STRIP = NO;
				DEBUG_INFORMATION_FORMAT = dwarf;
				ENABLE_STRICT_OBJC_MSGSEND = YES;
				ENABLE_TESTABILITY = YES;
				GCC_C_LANGUAGE_STANDARD = gnu11;
				GCC_DYNAMIC_NO_PIC = NO;
				GCC_NO_COMMON_BLOCKS = YES;
				GCC_OPTIMIZATION_LEVEL = 0;
				GCC_PREPROCESSOR_DEFINITIONS = (
					"DEBUG=1",
					"$(inherited)",
				);
				GCC_WARN_64_TO_32_BIT_CONVERSION = YES;
				GCC_WARN_ABOUT_RETURN_TYPE = YES_ERROR;
				GCC_WARN_UNDECLARED_SELECTOR = YES;
				GCC_WARN_UNINITIALIZED_AUTOS = YES_AGGRESSIVE;
				GCC_WARN_UNUSED_FUNCTION = YES;
				GCC_WARN_UNUSED_VARIABLE = YES;
				IPHONEOS_DEPLOYMENT_TARGET = 15.0;
				MTL_ENABLE_DEBUG_INFO = INCLUDE_SOURCE;
				MTL_FAST_MATH = YES;
				ONLY_ACTIVE_ARCH = YES;
				SDKROOT = iphoneos;
				SWIFT_ACTIVE_COMPILATION_CONDITIONS = DEBUG;
				SWIFT_OPTIMIZATION_LEVEL = "-Onone";
			};
			name = Debug;
		};
		C5B7B2E82789833600505808 /* Release */ = {
			isa = XCBuildConfiguration;
			buildSettings = {
				ALWAYS_SEARCH_USER_PATHS = NO;
				CLANG_ANALYZER_NONNULL = YES;
				CLANG_ANALYZER_NUMBER_OBJECT_CONVERSION = YES_AGGRESSIVE;
				CLANG_CXX_LANGUAGE_STANDARD = "gnu++17";
				CLANG_CXX_LIBRARY = "libc++";
				CLANG_ENABLE_MODULES = YES;
				CLANG_ENABLE_OBJC_ARC = YES;
				CLANG_ENABLE_OBJC_WEAK = YES;
				CLANG_WARN_BLOCK_CAPTURE_AUTORELEASING = YES;
				CLANG_WARN_BOOL_CONVERSION = YES;
				CLANG_WARN_COMMA = YES;
				CLANG_WARN_CONSTANT_CONVERSION = YES;
				CLANG_WARN_DEPRECATED_OBJC_IMPLEMENTATIONS = YES;
				CLANG_WARN_DIRECT_OBJC_ISA_USAGE = YES_ERROR;
				CLANG_WARN_DOCUMENTATION_COMMENTS = YES;
				CLANG_WARN_EMPTY_BODY = YES;
				CLANG_WARN_ENUM_CONVERSION = YES;
				CLANG_WARN_INFINITE_RECURSION = YES;
				CLANG_WARN_INT_CONVERSION = YES;
				CLANG_WARN_NON_LITERAL_NULL_CONVERSION = YES;
				CLANG_WARN_OBJC_IMPLICIT_RETAIN_SELF = YES;
				CLANG_WARN_OBJC_LITERAL_CONVERSION = YES;
				CLANG_WARN_OBJC_ROOT_CLASS = YES_ERROR;
				CLANG_WARN_QUOTED_INCLUDE_IN_FRAMEWORK_HEADER = YES;
				CLANG_WARN_RANGE_LOOP_ANALYSIS = YES;
				CLANG_WARN_STRICT_PROTOTYPES = YES;
				CLANG_WARN_SUSPICIOUS_MOVE = YES;
				CLANG_WARN_UNGUARDED_AVAILABILITY = YES_AGGRESSIVE;
				CLANG_WARN_UNREACHABLE_CODE = YES;
				CLANG_WARN__DUPLICATE_METHOD_MATCH = YES;
				COPY_PHASE_STRIP = NO;
				DEBUG_INFORMATION_FORMAT = "dwarf-with-dsym";
				ENABLE_NS_ASSERTIONS = NO;
				ENABLE_STRICT_OBJC_MSGSEND = YES;
				GCC_C_LANGUAGE_STANDARD = gnu11;
				GCC_NO_COMMON_BLOCKS = YES;
				GCC_WARN_64_TO_32_BIT_CONVERSION = YES;
				GCC_WARN_ABOUT_RETURN_TYPE = YES_ERROR;
				GCC_WARN_UNDECLARED_SELECTOR = YES;
				GCC_WARN_UNINITIALIZED_AUTOS = YES_AGGRESSIVE;
				GCC_WARN_UNUSED_FUNCTION = YES;
				GCC_WARN_UNUSED_VARIABLE = YES;
				IPHONEOS_DEPLOYMENT_TARGET = 15.0;
				MTL_ENABLE_DEBUG_INFO = NO;
				MTL_FAST_MATH = YES;
				SDKROOT = iphoneos;
				SWIFT_COMPILATION_MODE = wholemodule;
				SWIFT_OPTIMIZATION_LEVEL = "-O";
				VALIDATE_PRODUCT = YES;
			};
			name = Release;
		};
		C5B7B2EA2789833600505808 /* Debug */ = {
			isa = XCBuildConfiguration;
			baseConfigurationReference = 6CB24EF003BDC88481B3D588 /* Pods-SimpleNews.debug.xcconfig */;
			buildSettings = {
				ASSETCATALOG_COMPILER_APPICON_NAME = AppIcon;
				ASSETCATALOG_COMPILER_GLOBAL_ACCENT_COLOR_NAME = AccentColor;
				CODE_SIGN_STYLE = Automatic;
				CURRENT_PROJECT_VERSION = 1;
				GENERATE_INFOPLIST_FILE = YES;
				INFOPLIST_FILE = SimpleNews/Info.plist;
				INFOPLIST_KEY_UIApplicationSupportsIndirectInputEvents = YES;
				INFOPLIST_KEY_UILaunchStoryboardName = LaunchScreen;
				INFOPLIST_KEY_UIMainStoryboardFile = Main;
				INFOPLIST_KEY_UISupportedInterfaceOrientations_iPad = "UIInterfaceOrientationPortrait UIInterfaceOrientationPortraitUpsideDown UIInterfaceOrientationLandscapeLeft UIInterfaceOrientationLandscapeRight";
				INFOPLIST_KEY_UISupportedInterfaceOrientations_iPhone = "UIInterfaceOrientationPortrait UIInterfaceOrientationLandscapeLeft UIInterfaceOrientationLandscapeRight";
				LD_RUNPATH_SEARCH_PATHS = (
					"$(inherited)",
					"@executable_path/Frameworks",
				);
				MARKETING_VERSION = 1.0;
				PRODUCT_BUNDLE_IDENTIFIER = monica.SimpleNews;
				PRODUCT_NAME = "$(TARGET_NAME)";
				SWIFT_EMIT_LOC_STRINGS = YES;
				SWIFT_VERSION = 5.0;
				TARGETED_DEVICE_FAMILY = 1;
			};
			name = Debug;
		};
		C5B7B2EB2789833600505808 /* Release */ = {
			isa = XCBuildConfiguration;
			baseConfigurationReference = BA8F604D66FBFD802D0BF89C /* Pods-SimpleNews.release.xcconfig */;
			buildSettings = {
				ASSETCATALOG_COMPILER_APPICON_NAME = AppIcon;
				ASSETCATALOG_COMPILER_GLOBAL_ACCENT_COLOR_NAME = AccentColor;
				CODE_SIGN_STYLE = Automatic;
				CURRENT_PROJECT_VERSION = 1;
				GENERATE_INFOPLIST_FILE = YES;
				INFOPLIST_FILE = SimpleNews/Info.plist;
				INFOPLIST_KEY_UIApplicationSupportsIndirectInputEvents = YES;
				INFOPLIST_KEY_UILaunchStoryboardName = LaunchScreen;
				INFOPLIST_KEY_UIMainStoryboardFile = Main;
				INFOPLIST_KEY_UISupportedInterfaceOrientations_iPad = "UIInterfaceOrientationPortrait UIInterfaceOrientationPortraitUpsideDown UIInterfaceOrientationLandscapeLeft UIInterfaceOrientationLandscapeRight";
				INFOPLIST_KEY_UISupportedInterfaceOrientations_iPhone = "UIInterfaceOrientationPortrait UIInterfaceOrientationLandscapeLeft UIInterfaceOrientationLandscapeRight";
				LD_RUNPATH_SEARCH_PATHS = (
					"$(inherited)",
					"@executable_path/Frameworks",
				);
				MARKETING_VERSION = 1.0;
				PRODUCT_BUNDLE_IDENTIFIER = monica.SimpleNews;
				PRODUCT_NAME = "$(TARGET_NAME)";
				SWIFT_EMIT_LOC_STRINGS = YES;
				SWIFT_VERSION = 5.0;
				TARGETED_DEVICE_FAMILY = 1;
			};
			name = Release;
		};
/* End XCBuildConfiguration section */

/* Begin XCConfigurationList section */
		C5B7B2D02789833400505808 /* Build configuration list for PBXProject "SimpleNews" */ = {
			isa = XCConfigurationList;
			buildConfigurations = (
				C5B7B2E72789833600505808 /* Debug */,
				C5B7B2E82789833600505808 /* Release */,
			);
			defaultConfigurationIsVisible = 0;
			defaultConfigurationName = Release;
		};
		C5B7B2E92789833600505808 /* Build configuration list for PBXNativeTarget "SimpleNews" */ = {
			isa = XCConfigurationList;
			buildConfigurations = (
				C5B7B2EA2789833600505808 /* Debug */,
				C5B7B2EB2789833600505808 /* Release */,
			);
			defaultConfigurationIsVisible = 0;
			defaultConfigurationName = Release;
		};
/* End XCConfigurationList section */

/* Begin XCVersionGroup section */
		C5A824A9278B56E000297500 /* News.xcdatamodeld */ = {
			isa = XCVersionGroup;
			children = (
				C5A824AA278B56E000297500 /* News.xcdatamodel */,
			);
			currentVersion = C5A824AA278B56E000297500 /* News.xcdatamodel */;
			path = News.xcdatamodeld;
			sourceTree = "<group>";
			versionGroupType = wrapper.xcdatamodel;
		};
/* End XCVersionGroup section */
	};
	rootObject = C5B7B2CD2789833400505808 /* Project object */;
}
